
Microsoft Visual Studio Solution File, Format Version 11.00
# Visual Studio 2010
Project("{FAE04EC0-301F-11D3-BF4B-00C04F79EFBC}") = "FACTURATION_DAL", "FACTURATION_DAL\FACTURATION_DAL.csproj", "{D67AB8C0-E889-46B7-86E8-A049B3884579}"
EndProject
Project("{2150E333-8FDC-42A3-9474-1A3956D46DE8}") = "Solution Items", "Solution Items", "{0556B796-DFCD-4F0D-9FD8-F28EEFA66171}"
	ProjectSection(SolutionItems) = preProject
		FACTURATION_DAL1.vsmdi = FACTURATION_DAL1.vsmdi
		Local.testsettings = Local.testsettings
		TraceAndTestImpact.testsettings = TraceAndTestImpact.testsettings
	EndProjectSection
EndProject
Project("{FAE04EC0-301F-11D3-BF4B-00C04F79EFBC}") = "TesteApplication", "TesteApplication\TesteApplication.csproj", "{07D08C66-9827-4B89-B48B-3C85834F6586}"
EndProject
Global
	GlobalSection(TestCaseManagementSettings) = postSolution
		CategoryFile = FACTURATION_DAL1.vsmdi
	EndGlobalSection
	GlobalSection(SolutionConfigurationPlatforms) = preSolution
		Debug|Any CPU = Debug|Any CPU
		Debug|Mixed Platforms = Debug|Mixed Platforms
		Debug|x86 = Debug|x86
		Release|Any CPU = Release|Any CPU
		Release|Mixed Platforms = Release|Mixed Platforms
		Release|x86 = Release|x86
	EndGlobalSection
	GlobalSection(ProjectConfigurationPlatforms) = postSolution
		{D67AB8C0-E889-46B7-86E8-A049B3884579}.Debug|Any CPU.ActiveCfg = Debug|Any CPU
		{D67AB8C0-E889-46B7-86E8-A049B3884579}.Debug|Any CPU.Build.0 = Debug|Any CPU
		{D67AB8C0-E889-46B7-86E8-A049B3884579}.Debug|Mixed Platforms.ActiveCfg = Debug|Any CPU
		{D67AB8C0-E889-46B7-86E8-A049B3884579}.Debug|Mixed Platforms.Build.0 = Debug|Any CPU
		{D67AB8C0-E889-46B7-86E8-A049B3884579}.Debug|x86.ActiveCfg = Debug|Any CPU
		{D67AB8C0-E889-46B7-86E8-A049B3884579}.Release|Any CPU.ActiveCfg = Release|Any CPU
		{D67AB8C0-E889-46B7-86E8-A049B3884579}.Release|Any CPU.Build.0 = Release|Any CPU
		{D67AB8C0-E889-46B7-86E8-A049B3884579}.Release|Mixed Platforms.ActiveCfg = Release|Any CPU
		{D67AB8C0-E889-46B7-86E8-A049B3884579}.Release|Mixed Platforms.Build.0 = Release|Any CPU
		{D67AB8C0-E889-46B7-86E8-A049B3884579}.Release|x86.ActiveCfg = Release|Any CPU
		{07D08C66-9827-4B89-B48B-3C85834F6586}.Debug|Any CPU.ActiveCfg = Debug|x86
		{07D08C66-9827-4B89-B48B-3C85834F6586}.Debug|Mixed Platforms.ActiveCfg = Debug|x86
		{07D08C66-9827-4B89-B48B-3C85834F6586}.Debug|Mixed Platforms.Build.0 = Debug|x86
		{07D08C66-9827-4B89-B48B-3C85834F6586}.Debug|x86.ActiveCfg = Debug|x86
		{07D08C66-9827-4B89-B48B-3C85834F6586}.Debug|x86.Build.0 = Debug|x86
		{07D08C66-9827-4B89-B48B-3C85834F6586}.Release|Any CPU.ActiveCfg = Release|x86
		{07D08C66-9827-4B89-B48B-3C85834F6586}.Release|Mixed Platforms.ActiveCfg = Release|x86
		{07D08C66-9827-4B89-B48B-3C85834F6586}.Release|Mixed Platforms.Build.0 = Release|x86
		{07D08C66-9827-4B89-B48B-3C85834F6586}.Release|x86.ActiveCfg = Release|x86
		{07D08C66-9827-4B89-B48B-3C85834F6586}.Release|x86.Build.0 = Release|x86
	EndGlobalSection
	GlobalSection(SolutionProperties) = preSolution
		HideSolutionNode = FALSE
	EndGlobalSection
EndGlobal
